
Microsoft Visual Studio Solution File, Format Version 12.00
# Visual Studio Version 16
VisualStudioVersion = 16.0.30804.86
MinimumVisualStudioVersion = 10.0.40219.1
Project("{FAE04EC0-301F-11D3-BF4B-00C04F79EFBC}") = "WpfApp23", "WpfApp23\WpfApp23.csproj", "{A92296A7-8945-495D-B733-15A8C31AAEE0}"
EndProject
Global
	GlobalSection(SolutionConfigurationPlatforms) = preSolution
		Debug|Any CPU = Debug|Any CPU
		Release|Any CPU = Release|Any CPU
	EndGlobalSection
	GlobalSection(ProjectConfigurationPlatforms) = postSolution
		{A92296A7-8945-495D-B733-15A8C31AAEE0}.Debug|Any CPU.ActiveCfg = Debug|Any CPU
		{A92296A7-8945-495D-B733-15A8C31AAEE0}.Debug|Any CPU.Build.0 = Debug|Any CPU
		{A92296A7-8945-495D-B733-15A8C31AAEE0}.Release|Any CPU.ActiveCfg = Release|Any CPU
		{A92296A7-8945-495D-B733-15A8C31AAEE0}.Release|Any CPU.Build.0 = Release|Any CPU
	EndGlobalSection
	GlobalSection(SolutionProperties) = preSolution
		HideSolutionNode = FALSE
	EndGlobalSection
	GlobalSection(ExtensibilityGlobals) = postSolution
		SolutionGuid = {73C937FC-4AE0-48ED-805D-D620C140D125}
	EndGlobalSection
EndGlobal
